{
  "name": "blessed",
  "version": "0.1.81",
  "lockfileVersion": 3,
  "requires": true,
  "packages": {
    "": {
      "name": "blessed",
      "version": "0.1.81",
      "license": "MIT",
      "bin": {
        "blessed": "bin/tput.js"
      },
      "engines": {
        "node": ">= 0.8.0"
      }
    }
  }
}
